
Microsoft Visual Studio Solution File, Format Version 12.00
# Visual Studio Version 17
VisualStudioVersion = 17.7.33906.173
MinimumVisualStudioVersion = 10.0.40219.1
Project("{FAE04EC0-301F-11D3-BF4B-00C04F79EFBC}") = "PerformancePatches", "PerformancePatches.csproj", "{CCB81327-9F5C-4145-B71F-6EA3C1F48CF6}"
EndProject
Global
	GlobalSection(SolutionConfigurationPlatforms) = preSolution
		Debug|Any CPU = Debug|Any CPU
		Release|Any CPU = Release|Any CPU
	EndGlobalSection
	GlobalSection(ProjectConfigurationPlatforms) = postSolution
		{CCB81327-9F5C-4145-B71F-6EA3C1F48CF6}.Debug|Any CPU.ActiveCfg = Debug|Any CPU
		{CCB81327-9F5C-4145-B71F-6EA3C1F48CF6}.Debug|Any CPU.Build.0 = Debug|Any CPU
		{CCB81327-9F5C-4145-B71F-6EA3C1F48CF6}.Release|Any CPU.ActiveCfg = Release|Any CPU
		{CCB81327-9F5C-4145-B71F-6EA3C1F48CF6}.Release|Any CPU.Build.0 = Release|Any CPU
	EndGlobalSection
	GlobalSection(SolutionProperties) = preSolution
		HideSolutionNode = FALSE
	EndGlobalSection
	GlobalSection(ExtensibilityGlobals) = postSolution
		SolutionGuid = {82290887-1743-4D85-80C1-F36251CE4A86}
	EndGlobalSection
EndGlobal
